# @generated by Move, please check-in and do not edit manually.

[move]
version = 2
manifest_digest = "A3CC5F79DF11F0576C2E42CE84F98DDCC5ADED6C143FBC0F45FFA41ECB2F241B"
deps_digest = "F8BBB0CCB2491CA29A3DF03D6F92277A4F3574266507ACD77214D37ECA3F3082"
dependencies = [
  { name = "Sui" },
]

[[move.package]]
name = "MoveStdlib"
source = { git = "https://github.com/MystenLabs/sui.git", rev = "framework/testnet", subdir = "crates/sui-framework/packages/move-stdlib" }

[[move.package]]
name = "Sui"
source = { git = "https://github.com/MystenLabs/sui.git", rev = "framework/testnet", subdir = "crates/sui-framework/packages/sui-framework" }

dependencies = [
  { name = "MoveStdlib" },
]

[move.toolchain-version]
compiler-version = "1.25.0"
edition = "legacy"
flavor = "sui"

[env]

[env.Soumalya]
chain-id = "b3f81552"
original-published-id = "0x6e6bf68ddfecede1fff16f8c83080d143c35dd07ce546c1a7f9a30b526d68b70"
latest-published-id = "0x6e6bf68ddfecede1fff16f8c83080d143c35dd07ce546c1a7f9a30b526d68b70"
published-version = "1"
